{
  "originHash" : "d345138128ff21d8786397a9efdaabd2b8490f93d1ff03771774fc10f1452e8a",
  "pins" : [
    {
      "identity" : "socket.io-client-swift",
      "kind" : "remoteSourceControl",
      "location" : "https://github.com/socketio/socket.io-client-swift",
      "state" : {
        "revision" : "42da871d9369f290d6ec4930636c40672143905b",
        "version" : "16.1.1"
      }
    },
    {
      "identity" : "starscream",
      "kind" : "remoteSourceControl",
      "location" : "https://github.com/daltoniam/Starscream",
      "state" : {
        "revision" : "c6bfd1af48efcc9a9ad203665db12375ba6b145a",
        "version" : "4.0.8"
      }
    },
    {
      "identity" : "swift-pm-repo",
      "kind" : "remoteSourceControl",
      "location" : "https://github.com/VdoCipher/swift-pm-repo",
      "state" : {
        "branch" : "main",
        "revision" : "21b232fed077ed479f1ad92cc4b37dc967d314a5"
      }
    },
    {
      "identity" : "youtubeplayerkit",
      "kind" : "remoteSourceControl",
      "location" : "https://github.com/SvenTiigi/YouTubePlayerKit.git",
      "state" : {
        "revision" : "0f9a98c58462686afc7d3a1355baf21f07e5d330",
        "version" : "2.0.4"
      }
    }
  ],
  "version" : 3
}
